
Microsoft Visual Studio Solution File, Format Version 12.00
# Visual Studio Version 17
VisualStudioVersion = 17.14.36414.22 d17.14
MinimumVisualStudioVersion = 10.0.40219.1
Project("{FAE04EC0-301F-11D3-BF4B-00C04F79EFBC}") = "PreOrder", "PreOrder\PreOrder.csproj", "{34E275FD-9BA0-421E-8048-71833CCAD0CF}"
EndProject
Global
	GlobalSection(SolutionConfigurationPlatforms) = preSolution
		Debug|Any CPU = Debug|Any CPU
		Release|Any CPU = Release|Any CPU
	EndGlobalSection
	GlobalSection(ProjectConfigurationPlatforms) = postSolution
		{34E275FD-9BA0-421E-8048-71833CCAD0CF}.Debug|Any CPU.ActiveCfg = Debug|Any CPU
		{34E275FD-9BA0-421E-8048-71833CCAD0CF}.Debug|Any CPU.Build.0 = Debug|Any CPU
		{34E275FD-9BA0-421E-8048-71833CCAD0CF}.Release|Any CPU.ActiveCfg = Release|Any CPU
		{34E275FD-9BA0-421E-8048-71833CCAD0CF}.Release|Any CPU.Build.0 = Release|Any CPU
	EndGlobalSection
	GlobalSection(SolutionProperties) = preSolution
		HideSolutionNode = FALSE
	EndGlobalSection
	GlobalSection(ExtensibilityGlobals) = postSolution
		SolutionGuid = {0804DF52-B4DF-49B4-AD3C-19AECF56C01D}
	EndGlobalSection
EndGlobal
