
Microsoft Visual Studio Solution File, Format Version 12.00
# Visual Studio Version 17
VisualStudioVersion = 17.14.36414.22 d17.14
MinimumVisualStudioVersion = 10.0.40219.1
Project("{FAE04EC0-301F-11D3-BF4B-00C04F79EFBC}") = "PathSum", "PathSum\PathSum.csproj", "{76935133-682A-40AE-AAA0-347E7BA5513E}"
EndProject
Global
	GlobalSection(SolutionConfigurationPlatforms) = preSolution
		Debug|Any CPU = Debug|Any CPU
		Release|Any CPU = Release|Any CPU
	EndGlobalSection
	GlobalSection(ProjectConfigurationPlatforms) = postSolution
		{76935133-682A-40AE-AAA0-347E7BA5513E}.Debug|Any CPU.ActiveCfg = Debug|Any CPU
		{76935133-682A-40AE-AAA0-347E7BA5513E}.Debug|Any CPU.Build.0 = Debug|Any CPU
		{76935133-682A-40AE-AAA0-347E7BA5513E}.Release|Any CPU.ActiveCfg = Release|Any CPU
		{76935133-682A-40AE-AAA0-347E7BA5513E}.Release|Any CPU.Build.0 = Release|Any CPU
	EndGlobalSection
	GlobalSection(SolutionProperties) = preSolution
		HideSolutionNode = FALSE
	EndGlobalSection
	GlobalSection(ExtensibilityGlobals) = postSolution
		SolutionGuid = {065B0583-827F-401D-A209-279CD5CFD687}
	EndGlobalSection
EndGlobal
