
Microsoft Visual Studio Solution File, Format Version 12.00
# Visual Studio Version 17
VisualStudioVersion = 17.14.36414.22 d17.14
MinimumVisualStudioVersion = 10.0.40219.1
Project("{FAE04EC0-301F-11D3-BF4B-00C04F79EFBC}") = "SingleNumber", "SingleNumber\SingleNumber.csproj", "{0BF1AF75-6B7F-4561-AA95-8AD9E2FF06AE}"
EndProject
Global
	GlobalSection(SolutionConfigurationPlatforms) = preSolution
		Debug|Any CPU = Debug|Any CPU
		Release|Any CPU = Release|Any CPU
	EndGlobalSection
	GlobalSection(ProjectConfigurationPlatforms) = postSolution
		{0BF1AF75-6B7F-4561-AA95-8AD9E2FF06AE}.Debug|Any CPU.ActiveCfg = Debug|Any CPU
		{0BF1AF75-6B7F-4561-AA95-8AD9E2FF06AE}.Debug|Any CPU.Build.0 = Debug|Any CPU
		{0BF1AF75-6B7F-4561-AA95-8AD9E2FF06AE}.Release|Any CPU.ActiveCfg = Release|Any CPU
		{0BF1AF75-6B7F-4561-AA95-8AD9E2FF06AE}.Release|Any CPU.Build.0 = Release|Any CPU
	EndGlobalSection
	GlobalSection(SolutionProperties) = preSolution
		HideSolutionNode = FALSE
	EndGlobalSection
	GlobalSection(ExtensibilityGlobals) = postSolution
		SolutionGuid = {C794F49D-1B88-4C7B-AB2C-436E2D3011BA}
	EndGlobalSection
EndGlobal
