
Microsoft Visual Studio Solution File, Format Version 12.00
# Visual Studio Version 17
VisualStudioVersion = 17.14.36414.22 d17.14
MinimumVisualStudioVersion = 10.0.40219.1
Project("{FAE04EC0-301F-11D3-BF4B-00C04F79EFBC}") = "NumberOfOneBits", "NumberOfOneBits\NumberOfOneBits.csproj", "{4BA2B621-5273-4209-AC18-59F9797987FA}"
EndProject
Global
	GlobalSection(SolutionConfigurationPlatforms) = preSolution
		Debug|Any CPU = Debug|Any CPU
		Release|Any CPU = Release|Any CPU
	EndGlobalSection
	GlobalSection(ProjectConfigurationPlatforms) = postSolution
		{4BA2B621-5273-4209-AC18-59F9797987FA}.Debug|Any CPU.ActiveCfg = Debug|Any CPU
		{4BA2B621-5273-4209-AC18-59F9797987FA}.Debug|Any CPU.Build.0 = Debug|Any CPU
		{4BA2B621-5273-4209-AC18-59F9797987FA}.Release|Any CPU.ActiveCfg = Release|Any CPU
		{4BA2B621-5273-4209-AC18-59F9797987FA}.Release|Any CPU.Build.0 = Release|Any CPU
	EndGlobalSection
	GlobalSection(SolutionProperties) = preSolution
		HideSolutionNode = FALSE
	EndGlobalSection
	GlobalSection(ExtensibilityGlobals) = postSolution
		SolutionGuid = {B65ADC9A-3E4A-471D-ACF5-B7F8F4E87A8D}
	EndGlobalSection
EndGlobal
